
Microsoft Visual Studio Solution File, Format Version 12.00
# Visual Studio Version 17
VisualStudioVersion = 17.11.35327.3
MinimumVisualStudioVersion = 10.0.40219.1
Project("{9A19103F-16F7-4668-BE54-9A1E7A4F7556}") = "ArtifactDissimilarity", "ArtifactDissimilarity\ArtifactDissimilarity.csproj", "{640AC083-5E43-4BDF-A8A3-265C741B3F96}"
EndProject
Project("{2150E333-8FDC-42A3-9474-1A3956D46DE8}") = "Solution Items", "Solution Items", "{B20BA0DF-E712-46C9-8D37-62C2E41E37E1}"
	ProjectSection(SolutionItems) = preProject
		.editorconfig = .editorconfig
	EndProjectSection
EndProject
Project("{9A19103F-16F7-4668-BE54-9A1E7A4F7556}") = "TrueArtifacts", "TrueArtifacts\TrueArtifacts.csproj", "{C5042438-5A46-4B84-800B-F5F3EF1288E4}"
EndProject
Global
	GlobalSection(SolutionConfigurationPlatforms) = preSolution
		Debug|Any CPU = Debug|Any CPU
		Release|Any CPU = Release|Any CPU
	EndGlobalSection
	GlobalSection(ProjectConfigurationPlatforms) = postSolution
		{640AC083-5E43-4BDF-A8A3-265C741B3F96}.Debug|Any CPU.ActiveCfg = Debug|Any CPU
		{640AC083-5E43-4BDF-A8A3-265C741B3F96}.Debug|Any CPU.Build.0 = Debug|Any CPU
		{640AC083-5E43-4BDF-A8A3-265C741B3F96}.Release|Any CPU.ActiveCfg = Release|Any CPU
		{640AC083-5E43-4BDF-A8A3-265C741B3F96}.Release|Any CPU.Build.0 = Release|Any CPU
		{C5042438-5A46-4B84-800B-F5F3EF1288E4}.Debug|Any CPU.ActiveCfg = Debug|Any CPU
		{C5042438-5A46-4B84-800B-F5F3EF1288E4}.Debug|Any CPU.Build.0 = Debug|Any CPU
		{C5042438-5A46-4B84-800B-F5F3EF1288E4}.Release|Any CPU.ActiveCfg = Release|Any CPU
		{C5042438-5A46-4B84-800B-F5F3EF1288E4}.Release|Any CPU.Build.0 = Release|Any CPU
	EndGlobalSection
	GlobalSection(SolutionProperties) = preSolution
		HideSolutionNode = FALSE
	EndGlobalSection
	GlobalSection(ExtensibilityGlobals) = postSolution
		SolutionGuid = {67AAEEA6-25E1-4094-9541-943622BDE4E6}
	EndGlobalSection
EndGlobal
